
Microsoft Visual Studio Solution File, Format Version 12.00
Project("{FAE04EC0-301F-11D3-BF4B-00C04F79EFBC}") = "ItemSales2.Web", "ItemSales2.Web\ItemSales2.Web.csproj", "{FE34F606-AA1A-4EED-A00E-4CDA9AA21130}"
EndProject
Global
	GlobalSection(SolutionConfigurationPlatforms) = preSolution
		Debug|Any CPU = Debug|Any CPU
		Release|Any CPU = Release|Any CPU
	EndGlobalSection
	GlobalSection(ProjectConfigurationPlatforms) = postSolution
		{FE34F606-AA1A-4EED-A00E-4CDA9AA21130}.Debug|Any CPU.ActiveCfg = Debug|Any CPU
		{FE34F606-AA1A-4EED-A00E-4CDA9AA21130}.Debug|Any CPU.Build.0 = Debug|Any CPU
		{FE34F606-AA1A-4EED-A00E-4CDA9AA21130}.Release|Any CPU.ActiveCfg = Release|Any CPU
		{FE34F606-AA1A-4EED-A00E-4CDA9AA21130}.Release|Any CPU.Build.0 = Release|Any CPU
	EndGlobalSection
	GlobalSection(NestedProjects) = preSolution
	EndGlobalSection
EndGlobal
